
Microsoft Visual Studio Solution File, Format Version 12.00
# Visual Studio 15
VisualStudioVersion = 15.0.27703.2000
MinimumVisualStudioVersion = 10.0.40219.1
Project("{FAE04EC0-301F-11D3-BF4B-00C04F79EFBC}") = "TDD_Banco", "TDD_Banco\TDD_Banco.csproj", "{A23D7F28-820D-4BE5-9AB2-8D41A9463AE5}"
EndProject
Project("{FAE04EC0-301F-11D3-BF4B-00C04F79EFBC}") = "TDD_Banco_Pruebas", "TDD_Banco_Pruebas\TDD_Banco_Pruebas.csproj", "{72FFE161-C38A-4714-9142-6B8D2ECC50CB}"
EndProject
Global
	GlobalSection(SolutionConfigurationPlatforms) = preSolution
		Debug|Any CPU = Debug|Any CPU
		Release|Any CPU = Release|Any CPU
	EndGlobalSection
	GlobalSection(ProjectConfigurationPlatforms) = postSolution
		{A23D7F28-820D-4BE5-9AB2-8D41A9463AE5}.Debug|Any CPU.ActiveCfg = Debug|Any CPU
		{A23D7F28-820D-4BE5-9AB2-8D41A9463AE5}.Debug|Any CPU.Build.0 = Debug|Any CPU
		{A23D7F28-820D-4BE5-9AB2-8D41A9463AE5}.Release|Any CPU.ActiveCfg = Release|Any CPU
		{A23D7F28-820D-4BE5-9AB2-8D41A9463AE5}.Release|Any CPU.Build.0 = Release|Any CPU
		{72FFE161-C38A-4714-9142-6B8D2ECC50CB}.Debug|Any CPU.ActiveCfg = Debug|Any CPU
		{72FFE161-C38A-4714-9142-6B8D2ECC50CB}.Debug|Any CPU.Build.0 = Debug|Any CPU
		{72FFE161-C38A-4714-9142-6B8D2ECC50CB}.Release|Any CPU.ActiveCfg = Release|Any CPU
		{72FFE161-C38A-4714-9142-6B8D2ECC50CB}.Release|Any CPU.Build.0 = Release|Any CPU
	EndGlobalSection
	GlobalSection(SolutionProperties) = preSolution
		HideSolutionNode = FALSE
	EndGlobalSection
	GlobalSection(ExtensibilityGlobals) = postSolution
		SolutionGuid = {DFFAFC31-4951-46FB-B8F2-ED05F1D9F292}
	EndGlobalSection
EndGlobal
